
Microsoft Visual Studio Solution File, Format Version 12.00
# Visual Studio Version 17
VisualStudioVersion = 17.7.34024.191
MinimumVisualStudioVersion = 10.0.40219.1
Project("{FAE04EC0-301F-11D3-BF4B-00C04F79EFBC}") = "FormAPI", "FormAPI\FormAPI.csproj", "{8A8CEDD6-C9AF-4F4A-9360-E1797C399A70}"
EndProject
Global
	GlobalSection(SolutionConfigurationPlatforms) = preSolution
		Debug|Any CPU = Debug|Any CPU
		Release|Any CPU = Release|Any CPU
	EndGlobalSection
	GlobalSection(ProjectConfigurationPlatforms) = postSolution
		{8A8CEDD6-C9AF-4F4A-9360-E1797C399A70}.Debug|Any CPU.ActiveCfg = Debug|Any CPU
		{8A8CEDD6-C9AF-4F4A-9360-E1797C399A70}.Debug|Any CPU.Build.0 = Debug|Any CPU
		{8A8CEDD6-C9AF-4F4A-9360-E1797C399A70}.Release|Any CPU.ActiveCfg = Release|Any CPU
		{8A8CEDD6-C9AF-4F4A-9360-E1797C399A70}.Release|Any CPU.Build.0 = Release|Any CPU
	EndGlobalSection
	GlobalSection(SolutionProperties) = preSolution
		HideSolutionNode = FALSE
	EndGlobalSection
	GlobalSection(ExtensibilityGlobals) = postSolution
		SolutionGuid = {E98A56AB-1DD1-4CAF-9D78-4AB9CFFA6F40}
	EndGlobalSection
EndGlobal
